{
    "name": "eaf-image-viewer",
    "version": "1.0.0",
    "lockfileVersion": 2,
    "requires": true,
    "packages": {
        "": {
            "name": "eaf-image-viewer",
            "version": "1.0.0",
            "license": "GPL-3.0-or-later",
            "dependencies": {
                "viewerjs": "^1.10.1"
            }
        },
        "node_modules/viewerjs": {
            "version": "1.10.1",
            "resolved": "https://registry.npmjs.org/viewerjs/-/viewerjs-1.10.1.tgz",
            "integrity": "sha512-Oyzd3JP9dDSd+bBulfnQ+UTfHoobFwkmcT/uKSnQXjmPz7rZU0HJIiKudxPaMsiv17dr4Sm1cHnASJcDlFw1PA=="
        }
    },
    "dependencies": {
        "viewerjs": {
            "version": "1.10.1",
            "resolved": "https://registry.npmjs.org/viewerjs/-/viewerjs-1.10.1.tgz",
            "integrity": "sha512-Oyzd3JP9dDSd+bBulfnQ+UTfHoobFwkmcT/uKSnQXjmPz7rZU0HJIiKudxPaMsiv17dr4Sm1cHnASJcDlFw1PA=="
        }
    }
}
